Microsoft Visual Studio Solution File, Format Version 12.00
# Visual Studio Version 17
VisualStudioVersion = 17.5.2.0
MinimumVisualStudioVersion = 10.0.40219.1
Project("{2150E333-8FDC-42A3-9474-1A3956D46DE8}") = "Glass_backend", "Glass_backend", "{CE481758-D3CD-7732-7E85-CBECB481EB86}"
EndProject
Project("{FAE04EC0-301F-11D3-BF4B-00C04F79EFBC}") = "Glass.Api", "Glass_backend\Glass.Api.csproj", "{FD678482-0FE1-70F1-EC58-F6404130965A}"
EndProject
Global
	GlobalSection(SolutionConfigurationPlatforms) = preSolution
		Debug|Any CPU = Debug|Any CPU
		Release|Any CPU = Release|Any CPU
	EndGlobalSection
	GlobalSection(ProjectConfigurationPlatforms) = postSolution
		{FD678482-0FE1-70F1-EC58-F6404130965A}.Debug|Any CPU.ActiveCfg = Debug|Any CPU
		{FD678482-0FE1-70F1-EC58-F6404130965A}.Debug|Any CPU.Build.0 = Debug|Any CPU
		{FD678482-0FE1-70F1-EC58-F6404130965A}.Release|Any CPU.ActiveCfg = Release|Any CPU
		{FD678482-0FE1-70F1-EC58-F6404130965A}.Release|Any CPU.Build.0 = Release|Any CPU
	EndGlobalSection
	GlobalSection(SolutionProperties) = preSolution
		HideSolutionNode = FALSE
	EndGlobalSection
	GlobalSection(NestedProjects) = preSolution
		{FD678482-0FE1-70F1-EC58-F6404130965A} = {CE481758-D3CD-7732-7E85-CBECB481EB86}
	EndGlobalSection
	GlobalSection(ExtensibilityGlobals) = postSolution
		SolutionGuid = {A3315661-35B3-4E1C-B9C2-19799F0F474F}
	EndGlobalSection
EndGlobal
